
Microsoft Visual Studio Solution File, Format Version 12.00
# Visual Studio 14
VisualStudioVersion = 14.0.25420.1
MinimumVisualStudioVersion = 10.0.40219.1
Project("{FAE04EC0-301F-11D3-BF4B-00C04F79EFBC}") = "Shetalent Events", "Shetalent Events\Shetalent Events.csproj", "{54F1B2B0-C58F-45FC-BC2C-8395F4E846BD}"
EndProject
Global
	GlobalSection(SolutionConfigurationPlatforms) = preSolution
		Debug|Any CPU = Debug|Any CPU
		Release|Any CPU = Release|Any CPU
	EndGlobalSection
	GlobalSection(ProjectConfigurationPlatforms) = postSolution
		{54F1B2B0-C58F-45FC-BC2C-8395F4E846BD}.Debug|Any CPU.ActiveCfg = Debug|Any CPU
		{54F1B2B0-C58F-45FC-BC2C-8395F4E846BD}.Debug|Any CPU.Build.0 = Debug|Any CPU
		{54F1B2B0-C58F-45FC-BC2C-8395F4E846BD}.Release|Any CPU.ActiveCfg = Release|Any CPU
		{54F1B2B0-C58F-45FC-BC2C-8395F4E846BD}.Release|Any CPU.Build.0 = Release|Any CPU
	EndGlobalSection
	GlobalSection(SolutionProperties) = preSolution
		HideSolutionNode = FALSE
	EndGlobalSection
EndGlobal
